
Microsoft Visual Studio Solution File, Format Version 12.00
# Visual Studio 15
VisualStudioVersion = 15.0.27428.2015
MinimumVisualStudioVersion = 10.0.40219.1
Project("{FAE04EC0-301F-11D3-BF4B-00C04F79EFBC}") = "Task1", "HomeWork5\Task1.csproj", "{D1956D1C-38E7-4286-8E87-7E00FA6C39BC}"
EndProject
Project("{FAE04EC0-301F-11D3-BF4B-00C04F79EFBC}") = "Task2", "Task2\Task2.csproj", "{BCB46F02-FF10-4ABF-AF02-9175822BF17A}"
EndProject
Global
	GlobalSection(SolutionConfigurationPlatforms) = preSolution
		Debug|Any CPU = Debug|Any CPU
		Release|Any CPU = Release|Any CPU
	EndGlobalSection
	GlobalSection(ProjectConfigurationPlatforms) = postSolution
		{D1956D1C-38E7-4286-8E87-7E00FA6C39BC}.Debug|Any CPU.ActiveCfg = Debug|Any CPU
		{D1956D1C-38E7-4286-8E87-7E00FA6C39BC}.Debug|Any CPU.Build.0 = Debug|Any CPU
		{D1956D1C-38E7-4286-8E87-7E00FA6C39BC}.Release|Any CPU.ActiveCfg = Release|Any CPU
		{D1956D1C-38E7-4286-8E87-7E00FA6C39BC}.Release|Any CPU.Build.0 = Release|Any CPU
		{BCB46F02-FF10-4ABF-AF02-9175822BF17A}.Debug|Any CPU.ActiveCfg = Debug|Any CPU
		{BCB46F02-FF10-4ABF-AF02-9175822BF17A}.Debug|Any CPU.Build.0 = Debug|Any CPU
		{BCB46F02-FF10-4ABF-AF02-9175822BF17A}.Release|Any CPU.ActiveCfg = Release|Any CPU
		{BCB46F02-FF10-4ABF-AF02-9175822BF17A}.Release|Any CPU.Build.0 = Release|Any CPU
	EndGlobalSection
	GlobalSection(SolutionProperties) = preSolution
		HideSolutionNode = FALSE
	EndGlobalSection
	GlobalSection(ExtensibilityGlobals) = postSolution
		SolutionGuid = {4A41B88E-41D4-4E05-ACE3-E9FD878DE197}
	EndGlobalSection
EndGlobal
